// !$*UTF8*$!
{
	archiveVersion = 1;
	classes = {
	};
	objectVersion = 55;
	objects = {

/* Begin PBXBuildFile section */
		08DAFE605DDD3FBE1C678434 /* MeetingRegion.swift in Sources */ = {isa = PBXBuildFile; fileRef = 17CCC894A24A3DCD7377EEDB /* MeetingRegion.swift */; };
		0E600E20F8887EB410DBA8A8 /* RestaurantFairnessSelector.swift in Sources */ = {isa = PBXBuildFile; fileRef = B497EAEAC35199FD46CD8254 /* RestaurantFairnessSelector.swift */; };
		120242747728C7CEA31827F7 /* HomeMapView.swift in Sources */ = {isa = PBXBuildFile; fileRef = A525F7F1122F10D3D89EDD76 /* HomeMapView.swift */; };
		20E1E4C7AD1914259A888DE3 /* RestaurantResultsSheet.swift in Sources */ = {isa = PBXBuildFile; fileRef = 9E65926C85AD5E7849CC7F3C /* RestaurantResultsSheet.swift */; };
		2EFB3827F563F3378DA7761D /* GeographicMidpointStrategy.swift in Sources */ = {isa = PBXBuildFile; fileRef = 440A668ABB25C15DB4BA05B7 /* GeographicMidpointStrategy.swift */; };
		39C65558E06763B1421647B7 /* Color+LetsMeet.swift in Sources */ = {isa = PBXBuildFile; fileRef = 5A4EC2AFE6897BC9E3D6FBB8 /* Color+LetsMeet.swift */; };
		5EC6CA632E36414EFAF5B47F /* RestaurantPhotoGalleryView.swift in Sources */ = {isa = PBXBuildFile; fileRef = 9CCF0085A703C668C2ED4455 /* RestaurantPhotoGalleryView.swift */; };
		A0C0FFEE0000000000000001 /* AddressAutocompleter.swift in Sources */ = {isa = PBXBuildFile; fileRef = A0C0FFEE0000000000000002 /* AddressAutocompleter.swift */; };
		9AE35DD1FE5F69931546D44F /* HomeViewModel.swift in Sources */ = {isa = PBXBuildFile; fileRef = 1F00E50FB652DC0664BD8B2E /* HomeViewModel.swift */; };
		9F6E3B8746364938EAF238A3 /* MidpointFairnessConfig.swift in Sources */ = {isa = PBXBuildFile; fileRef = A2450844EDDF184164A8113A /* MidpointFairnessConfig.swift */; };
		B0FF834701DE6DAB9048004B /* MeetingPlaceFinder.swift in Sources */ = {isa = PBXBuildFile; fileRef = 7B9C15422793405AA06DA412 /* MeetingPlaceFinder.swift */; };
		BB171A622AB25E49006CBDD5 /* config.plist in Resources */ = {isa = PBXBuildFile; fileRef = BB171A612AB25E49006CBDD5 /* config.plist */; };
		BB333966281C9F8E00A2142E /* AppDelegate.swift in Sources */ = {isa = PBXBuildFile; fileRef = BB333965281C9F8E00A2142E /* AppDelegate.swift */; };
		BB333968281C9F8E00A2142E /* SceneDelegate.swift in Sources */ = {isa = PBXBuildFile; fileRef = BB333967281C9F8E00A2142E /* SceneDelegate.swift */; };
		BB333972281C9F9000A2142E /* Assets.xcassets in Resources */ = {isa = PBXBuildFile; fileRef = BB333971281C9F9000A2142E /* Assets.xcassets */; };
		BB333975281C9F9000A2142E /* LaunchScreen.storyboard in Resources */ = {isa = PBXBuildFile; fileRef = BB333973281C9F9000A2142E /* LaunchScreen.storyboard */; };
		BB51EABE283EE105009C4408 /* LocationManager.swift in Sources */ = {isa = PBXBuildFile; fileRef = BB51EABD283EE105009C4408 /* LocationManager.swift */; };
		BBCC94F728246A2400F61C2E /* YelpResults.swift in Sources */ = {isa = PBXBuildFile; fileRef = BBCC94F628246A2400F61C2E /* YelpResults.swift */; };
		BBCC94F92824837300F61C2E /* YelpManager.swift in Sources */ = {isa = PBXBuildFile; fileRef = BBCC94F82824837300F61C2E /* YelpManager.swift */; };
		BBCC94FB2824838200F61C2E /* NetworkConstants.swift in Sources */ = {isa = PBXBuildFile; fileRef = BBCC94FA2824838200F61C2E /* NetworkConstants.swift */; };
		E7716D1CA89CF53E93BB4C91 /* LocationProvider.swift in Sources */ = {isa = PBXBuildFile; fileRef = 334D542B2D4824C3F320ED6A /* LocationProvider.swift */; };
		F49A55760DF9FC6493036ECB /* LetsMeetLaunchIntro.swift in Sources */ = {isa = PBXBuildFile; fileRef = CBE015D30A49CB0657C08F62 /* LetsMeetLaunchIntro.swift */; };
		F96255B09D5A28ABFAC93591 /* LetsMeetLogo.swift in Sources */ = {isa = PBXBuildFile; fileRef = 557300A0751AE65A2735CCC6 /* LetsMeetLogo.swift */; };
		FD7DACEB2F5F27815709ED73 /* RestaurantCardView.swift in Sources */ = {isa = PBXBuildFile; fileRef = 424C6F06066C1C28C1C9C01F /* RestaurantCardView.swift */; };
		C5EFA4E2ABB6467C812BACA2 /* RouteSeededMidpointStrategy.swift in Sources */ = {isa = PBXBuildFile; fileRef = 09C426D915474A0AA91179E4 /* RouteSeededMidpointStrategy.swift */; };
		BA0A85303D1D4132B8B01211 /* RoutePolylineMath.swift in Sources */ = {isa = PBXBuildFile; fileRef = 9401900B24E14F09840EC1BF /* RoutePolylineMath.swift */; };
/* End PBXBuildFile section */

/* Begin PBXFileReference section */
		17CCC894A24A3DCD7377EEDB /* MeetingRegion.swift */ = {isa = PBXFileReference; includeInIndex = 1; lastKnownFileType = sourcecode.swift; path = MeetingRegion.swift; sourceTree = "<group>"; };
		A0C0FFEE0000000000000002 /* AddressAutocompleter.swift */ = {isa = PBXFileReference; includeInIndex = 1; lastKnownFileType = sourcecode.swift; path = AddressAutocompleter.swift; sourceTree = "<group>"; };
		1F00E50FB652DC0664BD8B2E /* HomeViewModel.swift */ = {isa = PBXFileReference; includeInIndex = 1; lastKnownFileType = sourcecode.swift; path = HomeViewModel.swift; sourceTree = "<group>"; };
		334D542B2D4824C3F320ED6A /* LocationProvider.swift */ = {isa = PBXFileReference; includeInIndex = 1; lastKnownFileType = sourcecode.swift; path = LocationProvider.swift; sourceTree = "<group>"; };
		424C6F06066C1C28C1C9C01F /* RestaurantCardView.swift */ = {isa = PBXFileReference; includeInIndex = 1; lastKnownFileType = sourcecode.swift; path = RestaurantCardView.swift; sourceTree = "<group>"; };
		440A668ABB25C15DB4BA05B7 /* GeographicMidpointStrategy.swift */ = {isa = PBXFileReference; includeInIndex = 1; lastKnownFileType = sourcecode.swift; path = GeographicMidpointStrategy.swift; sourceTree = "<group>"; };
		09C426D915474A0AA91179E4 /* RouteSeededMidpointStrategy.swift */ = {isa = PBXFileReference; includeInIndex = 1; lastKnownFileType = sourcecode.swift; path = RouteSeededMidpointStrategy.swift; sourceTree = "<group>"; };
		9401900B24E14F09840EC1BF /* RoutePolylineMath.swift */ = {isa = PBXFileReference; includeInIndex = 1; lastKnownFileType = sourcecode.swift; path = RoutePolylineMath.swift; sourceTree = "<group>"; };
		557300A0751AE65A2735CCC6 /* LetsMeetLogo.swift */ = {isa = PBXFileReference; includeInIndex = 1; lastKnownFileType = sourcecode.swift; path = LetsMeetLogo.swift; sourceTree = "<group>"; };
		5A4EC2AFE6897BC9E3D6FBB8 /* Color+LetsMeet.swift */ = {isa = PBXFileReference; includeInIndex = 1; lastKnownFileType = sourcecode.swift; path = "Color+LetsMeet.swift"; sourceTree = "<group>"; };
		7B9C15422793405AA06DA412 /* MeetingPlaceFinder.swift */ = {isa = PBXFileReference; includeInIndex = 1; lastKnownFileType = sourcecode.swift; path = MeetingPlaceFinder.swift; sourceTree = "<group>"; };
		9CCF0085A703C668C2ED4455 /* RestaurantPhotoGalleryView.swift */ = {isa = PBXFileReference; includeInIndex = 1; lastKnownFileType = sourcecode.swift; path = RestaurantPhotoGalleryView.swift; sourceTree = "<group>"; };
		9E65926C85AD5E7849CC7F3C /* RestaurantResultsSheet.swift */ = {isa = PBXFileReference; includeInIndex = 1; lastKnownFileType = sourcecode.swift; path = RestaurantResultsSheet.swift; sourceTree = "<group>"; };
		A2450844EDDF184164A8113A /* MidpointFairnessConfig.swift */ = {isa = PBXFileReference; includeInIndex = 1; lastKnownFileType = sourcecode.swift; path = MidpointFairnessConfig.swift; sourceTree = "<group>"; };
		A525F7F1122F10D3D89EDD76 /* HomeMapView.swift */ = {isa = PBXFileReference; includeInIndex = 1; lastKnownFileType = sourcecode.swift; path = HomeMapView.swift; sourceTree = "<group>"; };
		B497EAEAC35199FD46CD8254 /* RestaurantFairnessSelector.swift */ = {isa = PBXFileReference; includeInIndex = 1; lastKnownFileType = sourcecode.swift; path = RestaurantFairnessSelector.swift; sourceTree = "<group>"; };
		BB171A612AB25E49006CBDD5 /* config.plist */ = {isa = PBXFileReference; lastKnownFileType = text.plist.xml; path = config.plist; sourceTree = "<group>"; };
		BB333962281C9F8E00A2142E /* LetsMeet.app */ = {isa = PBXFileReference; explicitFileType = wrapper.application; includeInIndex = 0; path = LetsMeet.app; sourceTree = BUILT_PRODUCTS_DIR; };
		BB333965281C9F8E00A2142E /* AppDelegate.swift */ = {isa = PBXFileReference; lastKnownFileType = sourcecode.swift; path = AppDelegate.swift; sourceTree = "<group>"; };
		BB333967281C9F8E00A2142E /* SceneDelegate.swift */ = {isa = PBXFileReference; lastKnownFileType = sourcecode.swift; path = SceneDelegate.swift; sourceTree = "<group>"; };
		BB333971281C9F9000A2142E /* Assets.xcassets */ = {isa = PBXFileReference; lastKnownFileType = folder.assetcatalog; path = Assets.xcassets; sourceTree = "<group>"; };
		BB333974281C9F9000A2142E /* Base */ = {isa = PBXFileReference; lastKnownFileType = file.storyboard; name = Base; path = Base.lproj/LaunchScreen.storyboard; sourceTree = "<group>"; };
		BB333976281C9F9000A2142E /* Info.plist */ = {isa = PBXFileReference; lastKnownFileType = text.plist.xml; path = Info.plist; sourceTree = "<group>"; };
		BB51EABD283EE105009C4408 /* LocationManager.swift */ = {isa = PBXFileReference; lastKnownFileType = sourcecode.swift; path = LocationManager.swift; sourceTree = "<group>"; };
		BBCC94F628246A2400F61C2E /* YelpResults.swift */ = {isa = PBXFileReference; lastKnownFileType = sourcecode.swift; path = YelpResults.swift; sourceTree = "<group>"; };
		BBCC94F82824837300F61C2E /* YelpManager.swift */ = {isa = PBXFileReference; lastKnownFileType = sourcecode.swift; path = YelpManager.swift; sourceTree = "<group>"; };
		BBCC94FA2824838200F61C2E /* NetworkConstants.swift */ = {isa = PBXFileReference; lastKnownFileType = sourcecode.swift; path = NetworkConstants.swift; sourceTree = "<group>"; };
		CBE015D30A49CB0657C08F62 /* LetsMeetLaunchIntro.swift */ = {isa = PBXFileReference; includeInIndex = 1; lastKnownFileType = sourcecode.swift; path = LetsMeetLaunchIntro.swift; sourceTree = "<group>"; };
/* End PBXFileReference section */

/* Begin PBXFrameworksBuildPhase section */
		BB33395F281C9F8E00A2142E /* Frameworks */ = {
			isa = PBXFrameworksBuildPhase;
			buildActionMask = 2147483647;
			files = (
			);
			runOnlyForDeploymentPostprocessing = 0;
		};
/* End PBXFrameworksBuildPhase section */

/* Begin PBXGroup section */
		29F6461DA2F07EF8EBFF43B2 /* Midpoint */ = {
			isa = PBXGroup;
			children = (
				A2450844EDDF184164A8113A /* MidpointFairnessConfig.swift */,
				17CCC894A24A3DCD7377EEDB /* MeetingRegion.swift */,
				440A668ABB25C15DB4BA05B7 /* GeographicMidpointStrategy.swift */,
				09C426D915474A0AA91179E4 /* RouteSeededMidpointStrategy.swift */,
				9401900B24E14F09840EC1BF /* RoutePolylineMath.swift */,
				B497EAEAC35199FD46CD8254 /* RestaurantFairnessSelector.swift */,
				7B9C15422793405AA06DA412 /* MeetingPlaceFinder.swift */,
			);
			name = Midpoint;
			path = Midpoint;
			sourceTree = "<group>";
		};
		BB01A001000000000000A001 /* App */ = {
			isa = PBXGroup;
			children = (
				BB333965281C9F8E00A2142E /* AppDelegate.swift */,
				BB333967281C9F8E00A2142E /* SceneDelegate.swift */,
			);
			name = App;
			path = App;
			sourceTree = "<group>";
		};
		BB01A002000000000000A002 /* Features */ = {
			isa = PBXGroup;
			children = (
				BB01A003000000000000A003 /* Launch */,
				BB01A004000000000000A004 /* Home */,
				BB01A005000000000000A005 /* Results */,
			);
			name = Features;
			path = Features;
			sourceTree = "<group>";
		};
		BB01A003000000000000A003 /* Launch */ = {
			isa = PBXGroup;
			children = (
				CBE015D30A49CB0657C08F62 /* LetsMeetLaunchIntro.swift */,
				557300A0751AE65A2735CCC6 /* LetsMeetLogo.swift */,
			);
			name = Launch;
			path = Launch;
			sourceTree = "<group>";
		};
		BB01A004000000000000A004 /* Home */ = {
			isa = PBXGroup;
			children = (
				A525F7F1122F10D3D89EDD76 /* HomeMapView.swift */,
				A0C0FFEE0000000000000002 /* AddressAutocompleter.swift */,
				1F00E50FB652DC0664BD8B2E /* HomeViewModel.swift */,
			);
			name = Home;
			path = Home;
			sourceTree = "<group>";
		};
		BB01A005000000000000A005 /* Results */ = {
			isa = PBXGroup;
			children = (
				9E65926C85AD5E7849CC7F3C /* RestaurantResultsSheet.swift */,
				424C6F06066C1C28C1C9C01F /* RestaurantCardView.swift */,
				9CCF0085A703C668C2ED4455 /* RestaurantPhotoGalleryView.swift */,
			);
			name = Results;
			path = Results;
			sourceTree = "<group>";
		};
		BB01A006000000000000A006 /* Utilities */ = {
			isa = PBXGroup;
			children = (
				5A4EC2AFE6897BC9E3D6FBB8 /* Color+LetsMeet.swift */,
			);
			name = Utilities;
			path = Utilities;
			sourceTree = "<group>";
		};
		BB333959281C9F8E00A2142E = {
			isa = PBXGroup;
			children = (
				BB333964281C9F8E00A2142E /* LetsMeet */,
				BB333963281C9F8E00A2142E /* Products */,
			);
			sourceTree = "<group>";
		};
		BB333963281C9F8E00A2142E /* Products */ = {
			isa = PBXGroup;
			children = (
				BB333962281C9F8E00A2142E /* LetsMeet.app */,
			);
			name = Products;
			sourceTree = "<group>";
		};
		BB333964281C9F8E00A2142E /* LetsMeet */ = {
			isa = PBXGroup;
			children = (
				BB01A001000000000000A001 /* App */,
				BB01A002000000000000A002 /* Features */,
				BB51EABF283EE10B009C4408 /* LocationManager */,
				BBCC94F5282469F800F61C2E /* Model */,
				BBB9AA3D282081DA00F863BB /* Storyboards */,
				BBB9AA3E282081E700F863BB /* Resources */,
				BB01A006000000000000A006 /* Utilities */,
			);
			path = LetsMeet;
			sourceTree = "<group>";
		};
		BB51EABF283EE10B009C4408 /* LocationManager */ = {
			isa = PBXGroup;
			children = (
				BB51EABD283EE105009C4408 /* LocationManager.swift */,
				334D542B2D4824C3F320ED6A /* LocationProvider.swift */,
			);
			path = LocationManager;
			sourceTree = "<group>";
		};
		BBB9AA3D282081DA00F863BB /* Storyboards */ = {
			isa = PBXGroup;
			children = (
				BB333973281C9F9000A2142E /* LaunchScreen.storyboard */,
			);
			path = Storyboards;
			sourceTree = "<group>";
		};
		BBB9AA3E282081E700F863BB /* Resources */ = {
			isa = PBXGroup;
			children = (
				BB333971281C9F9000A2142E /* Assets.xcassets */,
				BB333976281C9F9000A2142E /* Info.plist */,
				BB171A612AB25E49006CBDD5 /* config.plist */,
			);
			path = Resources;
			sourceTree = "<group>";
		};
		BBCC94F5282469F800F61C2E /* Model */ = {
			isa = PBXGroup;
			children = (
				BBCC94FA2824838200F61C2E /* NetworkConstants.swift */,
				BBCC94F82824837300F61C2E /* YelpManager.swift */,
				BBCC94F628246A2400F61C2E /* YelpResults.swift */,
				29F6461DA2F07EF8EBFF43B2 /* Midpoint */,
			);
			path = Model;
			sourceTree = "<group>";
		};
/* End PBXGroup section */

/* Begin PBXNativeTarget section */
		BB333961281C9F8E00A2142E /* LetsMeet */ = {
			isa = PBXNativeTarget;
			buildConfigurationList = BB333979281C9F9000A2142E /* Build configuration list for PBXNativeTarget "LetsMeet" */;
			buildPhases = (
				BB33395E281C9F8E00A2142E /* Sources */,
				BB33395F281C9F8E00A2142E /* Frameworks */,
				BB333960281C9F8E00A2142E /* Resources */,
			);
			buildRules = (
			);
			dependencies = (
			);
			name = LetsMeet;
			productName = LetsMeet;
			productReference = BB333962281C9F8E00A2142E /* LetsMeet.app */;
			productType = "com.apple.product-type.application";
		};
/* End PBXNativeTarget section */

/* Begin PBXProject section */
		BB33395A281C9F8E00A2142E /* Project object */ = {
			isa = PBXProject;
			attributes = {
				BuildIndependentTargetsInParallel = 1;
				LastSwiftUpdateCheck = 1330;
				LastUpgradeCheck = 1330;
				TargetAttributes = {
					BB333961281C9F8E00A2142E = {
						CreatedOnToolsVersion = 13.3.1;
					};
				};
			};
			buildConfigurationList = BB33395D281C9F8E00A2142E /* Build configuration list for PBXProject "LetsMeet" */;
			compatibilityVersion = "Xcode 13.0";
			developmentRegion = en;
			hasScannedForEncodings = 0;
			knownRegions = (
				en,
				Base,
			);
			mainGroup = BB333959281C9F8E00A2142E;
			productRefGroup = BB333963281C9F8E00A2142E /* Products */;
			projectDirPath = "";
			projectRoot = "";
			targets = (
				BB333961281C9F8E00A2142E /* LetsMeet */,
			);
		};
/* End PBXProject section */

/* Begin PBXResourcesBuildPhase section */
		BB333960281C9F8E00A2142E /* Resources */ = {
			isa = PBXResourcesBuildPhase;
			buildActionMask = 2147483647;
			files = (
				BB171A622AB25E49006CBDD5 /* config.plist in Resources */,
				BB333975281C9F9000A2142E /* LaunchScreen.storyboard in Resources */,
				BB333972281C9F9000A2142E /* Assets.xcassets in Resources */,
			);
			runOnlyForDeploymentPostprocessing = 0;
		};
/* End PBXResourcesBuildPhase section */

/* Begin PBXSourcesBuildPhase section */
		BB33395E281C9F8E00A2142E /* Sources */ = {
			isa = PBXSourcesBuildPhase;
			buildActionMask = 2147483647;
			files = (
				BBCC94FB2824838200F61C2E /* NetworkConstants.swift in Sources */,
				BB51EABE283EE105009C4408 /* LocationManager.swift in Sources */,
				BBCC94F728246A2400F61C2E /* YelpResults.swift in Sources */,
				BBCC94F92824837300F61C2E /* YelpManager.swift in Sources */,
				BB333966281C9F8E00A2142E /* AppDelegate.swift in Sources */,
				BB333968281C9F8E00A2142E /* SceneDelegate.swift in Sources */,
				E7716D1CA89CF53E93BB4C91 /* LocationProvider.swift in Sources */,
				120242747728C7CEA31827F7 /* HomeMapView.swift in Sources */,
				A0C0FFEE0000000000000001 /* AddressAutocompleter.swift in Sources */,
				9AE35DD1FE5F69931546D44F /* HomeViewModel.swift in Sources */,
				39C65558E06763B1421647B7 /* Color+LetsMeet.swift in Sources */,
				F96255B09D5A28ABFAC93591 /* LetsMeetLogo.swift in Sources */,
				F49A55760DF9FC6493036ECB /* LetsMeetLaunchIntro.swift in Sources */,
				FD7DACEB2F5F27815709ED73 /* RestaurantCardView.swift in Sources */,
				20E1E4C7AD1914259A888DE3 /* RestaurantResultsSheet.swift in Sources */,
				5EC6CA632E36414EFAF5B47F /* RestaurantPhotoGalleryView.swift in Sources */,
				9F6E3B8746364938EAF238A3 /* MidpointFairnessConfig.swift in Sources */,
				08DAFE605DDD3FBE1C678434 /* MeetingRegion.swift in Sources */,
				2EFB3827F563F3378DA7761D /* GeographicMidpointStrategy.swift in Sources */,
				C5EFA4E2ABB6467C812BACA2 /* RouteSeededMidpointStrategy.swift in Sources */,
				BA0A85303D1D4132B8B01211 /* RoutePolylineMath.swift in Sources */,
				0E600E20F8887EB410DBA8A8 /* RestaurantFairnessSelector.swift in Sources */,
				B0FF834701DE6DAB9048004B /* MeetingPlaceFinder.swift in Sources */,
			);
			runOnlyForDeploymentPostprocessing = 0;
		};
/* End PBXSourcesBuildPhase section */

/* Begin PBXVariantGroup section */
		BB333973281C9F9000A2142E /* LaunchScreen.storyboard */ = {
			isa = PBXVariantGroup;
			children = (
				BB333974281C9F9000A2142E /* Base */,
			);
			name = LaunchScreen.storyboard;
			sourceTree = "<group>";
		};
/* End PBXVariantGroup section */

/* Begin XCBuildConfiguration section */
		BB333977281C9F9000A2142E /* Debug */ = {
			isa = XCBuildConfiguration;
			buildSettings = {
				ALWAYS_SEARCH_USER_PATHS = NO;
				CLANG_ANALYZER_NONNULL = YES;
				CLANG_ANALYZER_NUMBER_OBJECT_CONVERSION = YES_AGGRESSIVE;
				CLANG_CXX_LANGUAGE_STANDARD = "gnu++17";
				CLANG_ENABLE_MODULES = YES;
				CLANG_ENABLE_OBJC_ARC = YES;
				CLANG_ENABLE_OBJC_WEAK = YES;
				CLANG_WARN_BLOCK_CAPTURE_AUTORELEASING = YES;
				CLANG_WARN_BOOL_CONVERSION = YES;
				CLANG_WARN_COMMA = YES;
				CLANG_WARN_CONSTANT_CONVERSION = YES;
				CLANG_WARN_DEPRECATED_OBJC_IMPLEMENTATIONS = YES;
				CLANG_WARN_DIRECT_OBJC_ISA_USAGE = YES_ERROR;
				CLANG_WARN_DOCUMENTATION_COMMENTS = YES;
				CLANG_WARN_EMPTY_BODY = YES;
				CLANG_WARN_ENUM_CONVERSION = YES;
				CLANG_WARN_INFINITE_RECURSION = YES;
				CLANG_WARN_INT_CONVERSION = YES;
				CLANG_WARN_NON_LITERAL_NULL_CONVERSION = YES;
				CLANG_WARN_OBJC_IMPLICIT_RETAIN_SELF = YES;
				CLANG_WARN_OBJC_LITERAL_CONVERSION = YES;
				CLANG_WARN_OBJC_ROOT_CLASS = YES_ERROR;
				CLANG_WARN_QUOTED_INCLUDE_IN_FRAMEWORK_HEADER = YES;
				CLANG_WARN_RANGE_LOOP_ANALYSIS = YES;
				CLANG_WARN_STRICT_PROTOTYPES = YES;
				CLANG_WARN_SUSPICIOUS_MOVE = YES;
				CLANG_WARN_UNGUARDED_AVAILABILITY = YES_AGGRESSIVE;
				CLANG_WARN_UNREACHABLE_CODE = YES;
				CLANG_WARN__DUPLICATE_METHOD_MATCH = YES;
				COPY_PHASE_STRIP = NO;
				DEBUG_INFORMATION_FORMAT = dwarf;
				ENABLE_STRICT_OBJC_MSGSEND = YES;
				ENABLE_TESTABILITY = YES;
				GCC_C_LANGUAGE_STANDARD = gnu11;
				GCC_DYNAMIC_NO_PIC = NO;
				GCC_NO_COMMON_BLOCKS = YES;
				GCC_OPTIMIZATION_LEVEL = 0;
				GCC_PREPROCESSOR_DEFINITIONS = (
					"DEBUG=1",
					"$(inherited)",
				);
				GCC_WARN_64_TO_32_BIT_CONVERSION = YES;
				GCC_WARN_ABOUT_RETURN_TYPE = YES_ERROR;
				GCC_WARN_UNDECLARED_SELECTOR = YES;
				GCC_WARN_UNINITIALIZED_AUTOS = YES_AGGRESSIVE;
				GCC_WARN_UNUSED_FUNCTION = YES;
				GCC_WARN_UNUSED_VARIABLE = YES;
				INFOPLIST_KEY_UIStatusBarStyle = UIStatusBarStyleDarkContent;
				IPHONEOS_DEPLOYMENT_TARGET = 17.0;
				MTL_ENABLE_DEBUG_INFO = INCLUDE_SOURCE;
				MTL_FAST_MATH = YES;
				ONLY_ACTIVE_ARCH = YES;
				SDKROOT = iphoneos;
				SWIFT_ACTIVE_COMPILATION_CONDITIONS = DEBUG;
				SWIFT_OPTIMIZATION_LEVEL = "-Onone";
			};
			name = Debug;
		};
		BB333978281C9F9000A2142E /* Release */ = {
			isa = XCBuildConfiguration;
			buildSettings = {
				ALWAYS_SEARCH_USER_PATHS = NO;
				CLANG_ANALYZER_NONNULL = YES;
				CLANG_ANALYZER_NUMBER_OBJECT_CONVERSION = YES_AGGRESSIVE;
				CLANG_CXX_LANGUAGE_STANDARD = "gnu++17";
				CLANG_ENABLE_MODULES = YES;
				CLANG_ENABLE_OBJC_ARC = YES;
				CLANG_ENABLE_OBJC_WEAK = YES;
				CLANG_WARN_BLOCK_CAPTURE_AUTORELEASING = YES;
				CLANG_WARN_BOOL_CONVERSION = YES;
				CLANG_WARN_COMMA = YES;
				CLANG_WARN_CONSTANT_CONVERSION = YES;
				CLANG_WARN_DEPRECATED_OBJC_IMPLEMENTATIONS = YES;
				CLANG_WARN_DIRECT_OBJC_ISA_USAGE = YES_ERROR;
				CLANG_WARN_DOCUMENTATION_COMMENTS = YES;
				CLANG_WARN_EMPTY_BODY = YES;
				CLANG_WARN_ENUM_CONVERSION = YES;
				CLANG_WARN_INFINITE_RECURSION = YES;
				CLANG_WARN_INT_CONVERSION = YES;
				CLANG_WARN_NON_LITERAL_NULL_CONVERSION = YES;
				CLANG_WARN_OBJC_IMPLICIT_RETAIN_SELF = YES;
				CLANG_WARN_OBJC_LITERAL_CONVERSION = YES;
				CLANG_WARN_OBJC_ROOT_CLASS = YES_ERROR;
				CLANG_WARN_QUOTED_INCLUDE_IN_FRAMEWORK_HEADER = YES;
				CLANG_WARN_RANGE_LOOP_ANALYSIS = YES;
				CLANG_WARN_STRICT_PROTOTYPES = YES;
				CLANG_WARN_SUSPICIOUS_MOVE = YES;
				CLANG_WARN_UNGUARDED_AVAILABILITY = YES_AGGRESSIVE;
				CLANG_WARN_UNREACHABLE_CODE = YES;
				CLANG_WARN__DUPLICATE_METHOD_MATCH = YES;
				COPY_PHASE_STRIP = NO;
				DEBUG_INFORMATION_FORMAT = "dwarf-with-dsym";
				ENABLE_NS_ASSERTIONS = NO;
				ENABLE_STRICT_OBJC_MSGSEND = YES;
				GCC_C_LANGUAGE_STANDARD = gnu11;
				GCC_NO_COMMON_BLOCKS = YES;
				GCC_WARN_64_TO_32_BIT_CONVERSION = YES;
				GCC_WARN_ABOUT_RETURN_TYPE = YES_ERROR;
				GCC_WARN_UNDECLARED_SELECTOR = YES;
				GCC_WARN_UNINITIALIZED_AUTOS = YES_AGGRESSIVE;
				GCC_WARN_UNUSED_FUNCTION = YES;
				GCC_WARN_UNUSED_VARIABLE = YES;
				INFOPLIST_KEY_UIStatusBarStyle = UIStatusBarStyleDarkContent;
				IPHONEOS_DEPLOYMENT_TARGET = 17.0;
				MTL_ENABLE_DEBUG_INFO = NO;
				MTL_FAST_MATH = YES;
				SDKROOT = iphoneos;
				SWIFT_COMPILATION_MODE = wholemodule;
				SWIFT_OPTIMIZATION_LEVEL = "-O";
				VALIDATE_PRODUCT = YES;
			};
			name = Release;
		};
		BB33397A281C9F9000A2142E /* Debug */ = {
			isa = XCBuildConfiguration;
			buildSettings = {
				ASSETCATALOG_COMPILER_APPICON_NAME = AppIcon;
				ASSETCATALOG_COMPILER_GLOBAL_ACCENT_COLOR_NAME = AccentColor;
				CODE_SIGN_STYLE = Automatic;
				CURRENT_PROJECT_VERSION = 1;
				DEVELOPMENT_TEAM = CRQ4BGS2H2;
				GENERATE_INFOPLIST_FILE = YES;
				INFOPLIST_FILE = LetsMeet/Resources/Info.plist;
				INFOPLIST_KEY_CFBundleDisplayName = "Let's Meet";
				INFOPLIST_KEY_LSApplicationCategoryType = "public.app-category.navigation";
				INFOPLIST_KEY_NSLocationAlwaysAndWhenInUseUsageDescription = "Let's Meet is a location based app. We use your location to meet with your friends in the middle.";
				INFOPLIST_KEY_NSLocationAlwaysUsageDescription = "This is also how we will connect you with your friend.";
				INFOPLIST_KEY_NSLocationWhenInUseUsageDescription = "Let's Meet is a location based app. We use your location to meet with your friends in the middle.";
				INFOPLIST_KEY_UIApplicationSupportsIndirectInputEvents = YES;
				INFOPLIST_KEY_UILaunchStoryboardName = LaunchScreen;
				INFOPLIST_KEY_UISupportedInterfaceOrientations = UIInterfaceOrientationPortrait;
				INFOPLIST_KEY_UISupportedInterfaceOrientations_iPad = "UIInterfaceOrientationLandscapeLeft UIInterfaceOrientationLandscapeRight UIInterfaceOrientationPortrait UIInterfaceOrientationPortraitUpsideDown";
				IPHONEOS_DEPLOYMENT_TARGET = 17.0;
				LD_RUNPATH_SEARCH_PATHS = (
					"$(inherited)",
					"@executable_path/Frameworks",
				);
				MARKETING_VERSION = 1.0;
				"MARKETING_VERSION[sdk=*]" = 1.1;
				"MARKETING_VERSION[sdk=iphoneos*]" = 1.1.2;
				PRODUCT_BUNDLE_IDENTIFIER = com.CameronZakkour.LetsMeet;
				PRODUCT_NAME = "$(TARGET_NAME)";
				SUPPORTED_PLATFORMS = "iphoneos iphonesimulator";
				SUPPORTS_MACCATALYST = NO;
				SUPPORTS_MAC_DESIGNED_FOR_IPHONE_IPAD = NO;
				SWIFT_EMIT_LOC_STRINGS = YES;
				SWIFT_VERSION = 5.0;
				TARGETED_DEVICE_FAMILY = 1;
			};
			name = Debug;
		};
		BB33397B281C9F9000A2142E /* Release */ = {
			isa = XCBuildConfiguration;
			buildSettings = {
				ASSETCATALOG_COMPILER_APPICON_NAME = AppIcon;
				ASSETCATALOG_COMPILER_GLOBAL_ACCENT_COLOR_NAME = AccentColor;
				CODE_SIGN_STYLE = Automatic;
				CURRENT_PROJECT_VERSION = 1;
				DEVELOPMENT_TEAM = CRQ4BGS2H2;
				GENERATE_INFOPLIST_FILE = YES;
				INFOPLIST_FILE = LetsMeet/Resources/Info.plist;
				INFOPLIST_KEY_CFBundleDisplayName = "Let's Meet";
				INFOPLIST_KEY_LSApplicationCategoryType = "public.app-category.navigation";
				INFOPLIST_KEY_NSLocationAlwaysAndWhenInUseUsageDescription = "Let's Meet is a location based app. We use your location to meet with your friends in the middle.";
				INFOPLIST_KEY_NSLocationAlwaysUsageDescription = "This is also how we will connect you with your friend.";
				INFOPLIST_KEY_NSLocationWhenInUseUsageDescription = "Let's Meet is a location based app. We use your location to meet with your friends in the middle.";
				INFOPLIST_KEY_UIApplicationSupportsIndirectInputEvents = YES;
				INFOPLIST_KEY_UILaunchStoryboardName = LaunchScreen;
				INFOPLIST_KEY_UISupportedInterfaceOrientations = UIInterfaceOrientationPortrait;
				INFOPLIST_KEY_UISupportedInterfaceOrientations_iPad = "UIInterfaceOrientationLandscapeLeft UIInterfaceOrientationLandscapeRight UIInterfaceOrientationPortrait UIInterfaceOrientationPortraitUpsideDown";
				IPHONEOS_DEPLOYMENT_TARGET = 17.0;
				LD_RUNPATH_SEARCH_PATHS = (
					"$(inherited)",
					"@executable_path/Frameworks",
				);
				MARKETING_VERSION = 1.0;
				"MARKETING_VERSION[sdk=*]" = 1.1;
				"MARKETING_VERSION[sdk=iphoneos*]" = 1.1.2;
				PRODUCT_BUNDLE_IDENTIFIER = com.CameronZakkour.LetsMeet;
				PRODUCT_NAME = "$(TARGET_NAME)";
				SUPPORTED_PLATFORMS = "iphoneos iphonesimulator";
				SUPPORTS_MACCATALYST = NO;
				SUPPORTS_MAC_DESIGNED_FOR_IPHONE_IPAD = NO;
				SWIFT_EMIT_LOC_STRINGS = YES;
				SWIFT_VERSION = 5.0;
				TARGETED_DEVICE_FAMILY = 1;
			};
			name = Release;
		};
/* End XCBuildConfiguration section */

/* Begin XCConfigurationList section */
		BB33395D281C9F8E00A2142E /* Build configuration list for PBXProject "LetsMeet" */ = {
			isa = XCConfigurationList;
			buildConfigurations = (
				BB333977281C9F9000A2142E /* Debug */,
				BB333978281C9F9000A2142E /* Release */,
			);
			defaultConfigurationIsVisible = 0;
			defaultConfigurationName = Release;
		};
		BB333979281C9F9000A2142E /* Build configuration list for PBXNativeTarget "LetsMeet" */ = {
			isa = XCConfigurationList;
			buildConfigurations = (
				BB33397A281C9F9000A2142E /* Debug */,
				BB33397B281C9F9000A2142E /* Release */,
			);
			defaultConfigurationIsVisible = 0;
			defaultConfigurationName = Release;
		};
/* End XCConfigurationList section */

	};
	rootObject = BB33395A281C9F8E00A2142E /* Project object */;
}
